
Microsoft Visual Studio Solution File, Format Version 12.00
# Visual Studio Version 16
VisualStudioVersion = 16.0.29209.62
MinimumVisualStudioVersion = 10.0.40219.1
Project("{FAE04EC0-301F-11D3-BF4B-00C04F79EFBC}") = "StaffManager", "StaffManager\StaffManager.csproj", "{326C1F09-D2C0-4E0A-BFCF-9D09A73032B8}"
EndProject
Project("{FAE04EC0-301F-11D3-BF4B-00C04F79EFBC}") = "StaffManager.Tests", "StaffManager.Tests\StaffManager.Tests.csproj", "{61910F92-9D3C-49DC-9F31-6B290AF74F28}"
EndProject
Global
	GlobalSection(SolutionConfigurationPlatforms) = preSolution
		Debug|Any CPU = Debug|Any CPU
		Release|Any CPU = Release|Any CPU
	EndGlobalSection
	GlobalSection(ProjectConfigurationPlatforms) = postSolution
		{326C1F09-D2C0-4E0A-BFCF-9D09A73032B8}.Debug|Any CPU.ActiveCfg = Debug|Any CPU
		{326C1F09-D2C0-4E0A-BFCF-9D09A73032B8}.Debug|Any CPU.Build.0 = Debug|Any CPU
		{326C1F09-D2C0-4E0A-BFCF-9D09A73032B8}.Release|Any CPU.ActiveCfg = Release|Any CPU
		{326C1F09-D2C0-4E0A-BFCF-9D09A73032B8}.Release|Any CPU.Build.0 = Release|Any CPU
		{61910F92-9D3C-49DC-9F31-6B290AF74F28}.Debug|Any CPU.ActiveCfg = Debug|Any CPU
		{61910F92-9D3C-49DC-9F31-6B290AF74F28}.Debug|Any CPU.Build.0 = Debug|Any CPU
		{61910F92-9D3C-49DC-9F31-6B290AF74F28}.Release|Any CPU.ActiveCfg = Release|Any CPU
		{61910F92-9D3C-49DC-9F31-6B290AF74F28}.Release|Any CPU.Build.0 = Release|Any CPU
	EndGlobalSection
	GlobalSection(SolutionProperties) = preSolution
		HideSolutionNode = FALSE
	EndGlobalSection
	GlobalSection(ExtensibilityGlobals) = postSolution
		SolutionGuid = {F59B76F5-08E3-4CDA-8161-3B1C1B413D13}
	EndGlobalSection
EndGlobal
